
Microsoft Visual Studio Solution File, Format Version 12.00
# Visual Studio Version 16
VisualStudioVersion = 16.0.30907.101
MinimumVisualStudioVersion = 10.0.40219.1
Project("{FAE04EC0-301F-11D3-BF4B-00C04F79EFBC}") = "MAKClaims", "MAKClaims\MAKClaims.csproj", "{13E6D6EB-3BDE-4651-9657-29158B91108E}"
EndProject
Global
	GlobalSection(SolutionConfigurationPlatforms) = preSolution
		Debug|Any CPU = Debug|Any CPU
		Release|Any CPU = Release|Any CPU
	EndGlobalSection
	GlobalSection(ProjectConfigurationPlatforms) = postSolution
		{13E6D6EB-3BDE-4651-9657-29158B91108E}.Debug|Any CPU.ActiveCfg = Debug|Any CPU
		{13E6D6EB-3BDE-4651-9657-29158B91108E}.Debug|Any CPU.Build.0 = Debug|Any CPU
		{13E6D6EB-3BDE-4651-9657-29158B91108E}.Release|Any CPU.ActiveCfg = Release|Any CPU
		{13E6D6EB-3BDE-4651-9657-29158B91108E}.Release|Any CPU.Build.0 = Release|Any CPU
	EndGlobalSection
	GlobalSection(SolutionProperties) = preSolution
		HideSolutionNode = FALSE
	EndGlobalSection
	GlobalSection(ExtensibilityGlobals) = postSolution
		SolutionGuid = {52ED09D4-CDE1-4D1C-9B88-EC89348FE4CB}
	EndGlobalSection
EndGlobal
